
Microsoft Visual Studio Solution File, Format Version 12.00
# Visual Studio Version 17
VisualStudioVersion = 17.14.36327.8 d17.14
MinimumVisualStudioVersion = 10.0.40219.1
Project("{FAE04EC0-301F-11D3-BF4B-00C04F79EFBC}") = "MyLocalGov.com", "MyLocalGov.com\MyLocalGov.com.csproj", "{52B22C5D-ABE6-4A31-AFB4-857D4EC2D1A6}"
EndProject
Global
	GlobalSection(SolutionConfigurationPlatforms) = preSolution
		Debug|Any CPU = Debug|Any CPU
		Release|Any CPU = Release|Any CPU
	EndGlobalSection
	GlobalSection(ProjectConfigurationPlatforms) = postSolution
		{52B22C5D-ABE6-4A31-AFB4-857D4EC2D1A6}.Debug|Any CPU.ActiveCfg = Debug|Any CPU
		{52B22C5D-ABE6-4A31-AFB4-857D4EC2D1A6}.Debug|Any CPU.Build.0 = Debug|Any CPU
		{52B22C5D-ABE6-4A31-AFB4-857D4EC2D1A6}.Release|Any CPU.ActiveCfg = Release|Any CPU
		{52B22C5D-ABE6-4A31-AFB4-857D4EC2D1A6}.Release|Any CPU.Build.0 = Release|Any CPU
	EndGlobalSection
	GlobalSection(SolutionProperties) = preSolution
		HideSolutionNode = FALSE
	EndGlobalSection
	GlobalSection(ExtensibilityGlobals) = postSolution
		SolutionGuid = {C64DAFAE-3A37-4BFF-A061-7915B01B094A}
	EndGlobalSection
EndGlobal
